# THIS IS AN AUTOGENERATED FILE. DO NOT EDIT THIS FILE DIRECTLY.
# yarn lockfile v1


"@mapbox/mapbox-gl-sync-move@^0.3.1":
  version "0.3.1"
  resolved "https://registry.yarnpkg.com/@mapbox/mapbox-gl-sync-move/-/mapbox-gl-sync-move-0.3.1.tgz#0dc0376799c46f121ba3b883a11381d07bc0f1be"
  integrity sha512-Y3PMyj0m/TBJa9OkQnO2TiVDu8sFUPmLF7q/THUHrD/g42qrURpMJJ4kufq4sR60YFMwZdCGBshrbgK5v2xXWw==

mapbox-gl-compare@^0.4.2:
  version "0.4.2"
  resolved "https://registry.yarnpkg.com/mapbox-gl-compare/-/mapbox-gl-compare-0.4.2.tgz#819bddb59569f73d1c78da92f999fcbbd58292e2"
  integrity sha512-MhKUYJri3KIfeB2rsLUh2JzPutdfehU3vqdfgp2+uocKjNYQwCUvQ0T8u7fBwIJvJKdfWg3FiDq+5oZC4AtAGg==
  dependencies:
    "@mapbox/mapbox-gl-sync-move" "^0.3.1"
